
Microsoft Visual Studio Solution File, Format Version 12.00
# Visual Studio Version 17
VisualStudioVersion = 17.7.34009.444
MinimumVisualStudioVersion = 10.0.40219.1
Project("{9A19103F-16F7-4668-BE54-9A1E7A4F7556}") = "Domain", "Domain\Domain.csproj", "{D168D865-C49C-4BBC-9206-07F8C77CF879}"
EndProject
Project("{2150E333-8FDC-42A3-9474-1A3956D46DE8}") = "src", "src", "{6AB1DE6E-A18F-4DDB-87DE-E5A57A6591F1}"
EndProject
Project("{2150E333-8FDC-42A3-9474-1A3956D46DE8}") = "tests", "tests", "{B89B152C-FBD7-40D5-AF3F-CD049BC223D0}"
EndProject
Project("{9A19103F-16F7-4668-BE54-9A1E7A4F7556}") = "Application", "Application\Application.csproj", "{446E986D-8DAF-4255-8973-3097ACE01D43}"
EndProject
Project("{9A19103F-16F7-4668-BE54-9A1E7A4F7556}") = "Persistence", "Infrastructure\Persistence.csproj", "{69F986FE-EFCE-4CC7-9906-51C7E23B7271}"
EndProject
Project("{9A19103F-16F7-4668-BE54-9A1E7A4F7556}") = "API", "API\API.csproj", "{FA45F49C-1CA8-4A16-BAA6-39B78B4FE9D8}"
EndProject
Global
	GlobalSection(SolutionConfigurationPlatforms) = preSolution
		Debug|Any CPU = Debug|Any CPU
		Release|Any CPU = Release|Any CPU
	EndGlobalSection
	GlobalSection(ProjectConfigurationPlatforms) = postSolution
		{D168D865-C49C-4BBC-9206-07F8C77CF879}.Debug|Any CPU.ActiveCfg = Debug|Any CPU
		{D168D865-C49C-4BBC-9206-07F8C77CF879}.Debug|Any CPU.Build.0 = Debug|Any CPU
		{D168D865-C49C-4BBC-9206-07F8C77CF879}.Release|Any CPU.ActiveCfg = Release|Any CPU
		{D168D865-C49C-4BBC-9206-07F8C77CF879}.Release|Any CPU.Build.0 = Release|Any CPU
		{446E986D-8DAF-4255-8973-3097ACE01D43}.Debug|Any CPU.ActiveCfg = Debug|Any CPU
		{446E986D-8DAF-4255-8973-3097ACE01D43}.Debug|Any CPU.Build.0 = Debug|Any CPU
		{446E986D-8DAF-4255-8973-3097ACE01D43}.Release|Any CPU.ActiveCfg = Release|Any CPU
		{446E986D-8DAF-4255-8973-3097ACE01D43}.Release|Any CPU.Build.0 = Release|Any CPU
		{69F986FE-EFCE-4CC7-9906-51C7E23B7271}.Debug|Any CPU.ActiveCfg = Debug|Any CPU
		{69F986FE-EFCE-4CC7-9906-51C7E23B7271}.Debug|Any CPU.Build.0 = Debug|Any CPU
		{69F986FE-EFCE-4CC7-9906-51C7E23B7271}.Release|Any CPU.ActiveCfg = Release|Any CPU
		{69F986FE-EFCE-4CC7-9906-51C7E23B7271}.Release|Any CPU.Build.0 = Release|Any CPU
		{FA45F49C-1CA8-4A16-BAA6-39B78B4FE9D8}.Debug|Any CPU.ActiveCfg = Debug|Any CPU
		{FA45F49C-1CA8-4A16-BAA6-39B78B4FE9D8}.Debug|Any CPU.Build.0 = Debug|Any CPU
		{FA45F49C-1CA8-4A16-BAA6-39B78B4FE9D8}.Release|Any CPU.ActiveCfg = Release|Any CPU
		{FA45F49C-1CA8-4A16-BAA6-39B78B4FE9D8}.Release|Any CPU.Build.0 = Release|Any CPU
	EndGlobalSection
	GlobalSection(SolutionProperties) = preSolution
		HideSolutionNode = FALSE
	EndGlobalSection
	GlobalSection(NestedProjects) = preSolution
		{D168D865-C49C-4BBC-9206-07F8C77CF879} = {6AB1DE6E-A18F-4DDB-87DE-E5A57A6591F1}
		{446E986D-8DAF-4255-8973-3097ACE01D43} = {6AB1DE6E-A18F-4DDB-87DE-E5A57A6591F1}
		{69F986FE-EFCE-4CC7-9906-51C7E23B7271} = {6AB1DE6E-A18F-4DDB-87DE-E5A57A6591F1}
		{FA45F49C-1CA8-4A16-BAA6-39B78B4FE9D8} = {6AB1DE6E-A18F-4DDB-87DE-E5A57A6591F1}
	EndGlobalSection
	GlobalSection(ExtensibilityGlobals) = postSolution
		SolutionGuid = {76D0A841-BEA7-45F9-9CFC-791CADADCEF6}
	EndGlobalSection
EndGlobal
